<?xml version="1.0" encoding="utf-8"?>
<Project ToolsVersion="4.0" xmlns="http://schemas.microsoft.com/developer/msbuild/2003">
  <ItemGroup>
    <ClCompile Include="10991.cpp" />
    <ClCompile Include="10992.cpp" />
    <ClCompile Include="9012.cpp" />
    <ClCompile Include="10828.cpp" />
    <ClCompile Include="10799.cpp" />
    <ClCompile Include="1406.cpp" />
    <ClCompile Include="1158.cpp" />
    <ClCompile Include="10866.cpp" />
    <ClCompile Include="10808.cpp" />
    <ClCompile Include="10820.cpp" />
    <ClCompile Include="2743.cpp" />
    <ClCompile Include="11655.cpp" />
    <ClCompile Include="10824.cpp" />
    <ClCompile Include="11656.cpp" />
    <ClCompile Include="CodingInterview1_1.cpp" />
    <ClCompile Include="CodingInterview1_3.cpp" />
    <ClCompile Include="CodingInterview1_2.cpp" />
    <ClCompile Include="CodingInterview1_4.cpp" />
    <ClCompile Include="CodingInterview1_5.cpp" />
  </ItemGroup>
</Project>